<Solution>
  <Project Path="MediaProcessor/MediaProcessor.csproj" />
  <Project Path="MusicLearningLibrary.Api/MusicLearningLibrary.Api.csproj" />
  <Project Path="MusicLearningLibrary.Application/MusicLearningLibrary.Application.csproj" />
  <Project Path="MusicLearningLibrary.Domain.Tests/MusicLearningLibrary.Domain.Tests.csproj" Id="efe3157c-e0fc-4f12-bcb5-d156fff6210b" />
  <Project Path="MusicLearningLibrary.Domain/MusicLearningLibrary.Domain.csproj" />
  <Project Path="MusicLearningLibrary.Infrastructure/MusicLearningLibrary.Infrastructure.csproj" />
</Solution>
